{
  "name": "vidplay",
  "lockfileVersion": 3,
  "requires": true,
  "packages": {
    "": {
      "dependencies": {
        "@helpofai/runtime-sdk": "^0.8.69"
      }
    },
    "node_modules/@helpofai/runtime-sdk": {
      "version": "0.8.69",
      "resolved": "https://registry.npmjs.org/@helpofai/runtime-sdk/-/runtime-sdk-0.8.69.tgz",
      "integrity": "sha512-ZmX/CNzDw0wXBFmU5sN4os1ESzI7qSFD1Oo9oAzRpU3hSX4Y4EAtj7YsvyrpsRAujtUSIqZShJn9S8VnmB3pvg==",
      "license": "MIT",
      "engines": {
        "node": ">=18"
      }
    }
  }
}
